// !$*UTF8*$!
{
	archiveVersion = 1;
	classes = {
	};
	objectVersion = 77;
	objects = {

/* Begin PBXBuildFile section */
		B286AEA02FBB903E0024F52C /* FirebaseAuth in Frameworks */ = {isa = PBXBuildFile; productRef = B286AE9F2FBB903E0024F52C /* FirebaseAuth */; };
		B286AEA22FBB90470024F52C /* FirebaseCore in Frameworks */ = {isa = PBXBuildFile; productRef = B286AEA12FBB90470024F52C /* FirebaseCore */; };
		B286AEA42FBB904F0024F52C /* FirebaseFirestore in Frameworks */ = {isa = PBXBuildFile; productRef = B286AEA32FBB904F0024F52C /* FirebaseFirestore */; };
/* End PBXBuildFile section */

/* Begin PBXContainerItemProxy section */
		B2BA39632ECBF9F900C3B9E0 /* PBXContainerItemProxy */ = {
			isa = PBXContainerItemProxy;
			containerPortal = B2BA394D2ECBF9F700C3B9E0 /* Project object */;
			proxyType = 1;
			remoteGlobalIDString = B2BA39542ECBF9F700C3B9E0;
			remoteInfo = Tapp;
		};
		B2BA396D2ECBF9F900C3B9E0 /* PBXContainerItemProxy */ = {
			isa = PBXContainerItemProxy;
			containerPortal = B2BA394D2ECBF9F700C3B9E0 /* Project object */;
			proxyType = 1;
			remoteGlobalIDString = B2BA39542ECBF9F700C3B9E0;
			remoteInfo = Tapp;
		};
/* End PBXContainerItemProxy section */

/* Begin PBXFileReference section */
		B2BA39552ECBF9F700C3B9E0 /* Tapp.app */ = {isa = PBXFileReference; explicitFileType = wrapper.application; includeInIndex = 0; path = Tapp.app; sourceTree = BUILT_PRODUCTS_DIR; };
		B2BA39622ECBF9F900C3B9E0 /* TappTests.xctest */ = {isa = PBXFileReference; explicitFileType = wrapper.cfbundle; includeInIndex = 0; path = TappTests.xctest; sourceTree = BUILT_PRODUCTS_DIR; };
		B2BA396C2ECBF9F900C3B9E0 /* TappUITests.xctest */ = {isa = PBXFileReference; explicitFileType = wrapper.cfbundle; includeInIndex = 0; path = TappUITests.xctest; sourceTree = BUILT_PRODUCTS_DIR; };
/* End PBXFileReference section */

/* Begin PBXFileSystemSynchronizedRootGroup section */
		B2BA39572ECBF9F700C3B9E0 /* Tapp */ = {
			isa = PBXFileSystemSynchronizedRootGroup;
			path = Tapp;
			sourceTree = "<group>";
		};
		B2BA39652ECBF9F900C3B9E0 /* TappTests */ = {
			isa = PBXFileSystemSynchronizedRootGroup;
			path = TappTests;
			sourceTree = "<group>";
		};
		B2BA396F2ECBF9F900C3B9E0 /* TappUITests */ = {
			isa = PBXFileSystemSynchronizedRootGroup;
			path = TappUITests;
			sourceTree = "<group>";
		};
/* End PBXFileSystemSynchronizedRootGroup section */

/* Begin PBXFrameworksBuildPhase section */
		B2BA39522ECBF9F700C3B9E0 /* Frameworks */ = {
			isa = PBXFrameworksBuildPhase;
			buildActionMask = 2147483647;
			files = (
				B286AEA22FBB90470024F52C /* FirebaseCore in Frameworks */,
				B286AEA02FBB903E0024F52C /* FirebaseAuth in Frameworks */,
				B286AEA42FBB904F0024F52C /* FirebaseFirestore in Frameworks */,
			);
			runOnlyForDeploymentPostprocessing = 0;
		};
		B2BA395F2ECBF9F900C3B9E0 /* Frameworks */ = {
			isa = PBXFrameworksBuildPhase;
			buildActionMask = 2147483647;
			files = (
			);
			runOnlyForDeploymentPostprocessing = 0;
		};
		B2BA39692ECBF9F900C3B9E0 /* Frameworks */ = {
			isa = PBXFrameworksBuildPhase;
			buildActionMask = 2147483647;
			files = (
			);
			runOnlyForDeploymentPostprocessing = 0;
		};
/* End PBXFrameworksBuildPhase section */

/* Begin PBXGroup section */
		B286AE9E2FBB903E0024F52C /* Frameworks */ = {
			isa = PBXGroup;
			children = (
			);
			name = Frameworks;
			sourceTree = "<group>";
		};
		B2BA394C2ECBF9F700C3B9E0 = {
			isa = PBXGroup;
			children = (
				B2BA39572ECBF9F700C3B9E0 /* Tapp */,
				B2BA39652ECBF9F900C3B9E0 /* TappTests */,
				B2BA396F2ECBF9F900C3B9E0 /* TappUITests */,
				B286AE9E2FBB903E0024F52C /* Frameworks */,
				B2BA39562ECBF9F700C3B9E0 /* Products */,
			);
			sourceTree = "<group>";
		};
		B2BA39562ECBF9F700C3B9E0 /* Products */ = {
			isa = PBXGroup;
			children = (
				B2BA39552ECBF9F700C3B9E0 /* Tapp.app */,
				B2BA39622ECBF9F900C3B9E0 /* TappTests.xctest */,
				B2BA396C2ECBF9F900C3B9E0 /* TappUITests.xctest */,
			);
			name = Products;
			sourceTree = "<group>";
		};
/* End PBXGroup section */

/* Begin PBXNativeTarget section */
		B2BA39542ECBF9F700C3B9E0 /* Tapp */ = {
			isa = PBXNativeTarget;
			buildConfigurationList = B2BA39762ECBF9F900C3B9E0 /* Build configuration list for PBXNativeTarget "Tapp" */;
			buildPhases = (
				B2BA39512ECBF9F700C3B9E0 /* Sources */,
				B2BA39522ECBF9F700C3B9E0 /* Frameworks */,
				B2BA39532ECBF9F700C3B9E0 /* Resources */,
			);
			buildRules = (
			);
			dependencies = (
			);
			fileSystemSynchronizedGroups = (
				B2BA39572ECBF9F700C3B9E0 /* Tapp */,
			);
			name = Tapp;
			packageProductDependencies = (
				B286AE9F2FBB903E0024F52C /* FirebaseAuth */,
				B286AEA12FBB90470024F52C /* FirebaseCore */,
				B286AEA32FBB904F0024F52C /* FirebaseFirestore */,
			);
			productName = Tapp;
			productReference = B2BA39552ECBF9F700C3B9E0 /* Tapp.app */;
			productType = "com.apple.product-type.application";
		};
		B2BA39612ECBF9F900C3B9E0 /* TappTests */ = {
			isa = PBXNativeTarget;
			buildConfigurationList = B2BA39792ECBF9F900C3B9E0 /* Build configuration list for PBXNativeTarget "TappTests" */;
			buildPhases = (
				B2BA395E2ECBF9F900C3B9E0 /* Sources */,
				B2BA395F2ECBF9F900C3B9E0 /* Frameworks */,
				B2BA39602ECBF9F900C3B9E0 /* Resources */,
			);
			buildRules = (
			);
			dependencies = (
				B2BA39642ECBF9F900C3B9E0 /* PBXTargetDependency */,
			);
			fileSystemSynchronizedGroups = (
				B2BA39652ECBF9F900C3B9E0 /* TappTests */,
			);
			name = TappTests;
			packageProductDependencies = (
			);
			productName = TappTests;
			productReference = B2BA39622ECBF9F900C3B9E0 /* TappTests.xctest */;
			productType = "com.apple.product-type.bundle.unit-test";
		};
		B2BA396B2ECBF9F900C3B9E0 /* TappUITests */ = {
			isa = PBXNativeTarget;
			buildConfigurationList = B2BA397C2ECBF9F900C3B9E0 /* Build configuration list for PBXNativeTarget "TappUITests" */;
			buildPhases = (
				B2BA39682ECBF9F900C3B9E0 /* Sources */,
				B2BA39692ECBF9F900C3B9E0 /* Frameworks */,
				B2BA396A2ECBF9F900C3B9E0 /* Resources */,
			);
			buildRules = (
			);
			dependencies = (
				B2BA396E2ECBF9F900C3B9E0 /* PBXTargetDependency */,
			);
			fileSystemSynchronizedGroups = (
				B2BA396F2ECBF9F900C3B9E0 /* TappUITests */,
			);
			name = TappUITests;
			packageProductDependencies = (
			);
			productName = TappUITests;
			productReference = B2BA396C2ECBF9F900C3B9E0 /* TappUITests.xctest */;
			productType = "com.apple.product-type.bundle.ui-testing";
		};
/* End PBXNativeTarget section */

/* Begin PBXProject section */
		B2BA394D2ECBF9F700C3B9E0 /* Project object */ = {
			isa = PBXProject;
			attributes = {
				BuildIndependentTargetsInParallel = 1;
				LastSwiftUpdateCheck = 2610;
				LastUpgradeCheck = 2610;
				TargetAttributes = {
					B2BA39542ECBF9F700C3B9E0 = {
						CreatedOnToolsVersion = 26.1.1;
					};
					B2BA39612ECBF9F900C3B9E0 = {
						CreatedOnToolsVersion = 26.1.1;
						TestTargetID = B2BA39542ECBF9F700C3B9E0;
					};
					B2BA396B2ECBF9F900C3B9E0 = {
						CreatedOnToolsVersion = 26.1.1;
						TestTargetID = B2BA39542ECBF9F700C3B9E0;
					};
				};
			};
			buildConfigurationList = B2BA39502ECBF9F700C3B9E0 /* Build configuration list for PBXProject "Tapp" */;
			developmentRegion = en;
			hasScannedForEncodings = 0;
			knownRegions = (
				en,
				Base,
			);
			mainGroup = B2BA394C2ECBF9F700C3B9E0;
			minimizedProjectReferenceProxies = 1;
			packageReferences = (
				B286AE772FBB8AF90024F52C /* XCRemoteSwiftPackageReference "firebase-ios-sdk" */,
			);
			preferredProjectObjectVersion = 77;
			productRefGroup = B2BA39562ECBF9F700C3B9E0 /* Products */;
			projectDirPath = "";
			projectRoot = "";
			targets = (
				B2BA39542ECBF9F700C3B9E0 /* Tapp */,
				B2BA39612ECBF9F900C3B9E0 /* TappTests */,
				B2BA396B2ECBF9F900C3B9E0 /* TappUITests */,
			);
		};
/* End PBXProject section */

/* Begin PBXResourcesBuildPhase section */
		B2BA39532ECBF9F700C3B9E0 /* Resources */ = {
			isa = PBXResourcesBuildPhase;
			buildActionMask = 2147483647;
			files = (
			);
			runOnlyForDeploymentPostprocessing = 0;
		};
		B2BA39602ECBF9F900C3B9E0 /* Resources */ = {
			isa = PBXResourcesBuildPhase;
			buildActionMask = 2147483647;
			files = (
			);
			runOnlyForDeploymentPostprocessing = 0;
		};
		B2BA396A2ECBF9F900C3B9E0 /* Resources */ = {
			isa = PBXResourcesBuildPhase;
			buildActionMask = 2147483647;
			files = (
			);
			runOnlyForDeploymentPostprocessing = 0;
		};
/* End PBXResourcesBuildPhase section */

/* Begin PBXSourcesBuildPhase section */
		B2BA39512ECBF9F700C3B9E0 /* Sources */ = {
			isa = PBXSourcesBuildPhase;
			buildActionMask = 2147483647;
			files = (
			);
			runOnlyForDeploymentPostprocessing = 0;
		};
		B2BA395E2ECBF9F900C3B9E0 /* Sources */ = {
			isa = PBXSourcesBuildPhase;
			buildActionMask = 2147483647;
			files = (
			);
			runOnlyForDeploymentPostprocessing = 0;
		};
		B2BA39682ECBF9F900C3B9E0 /* Sources */ = {
			isa = PBXSourcesBuildPhase;
			buildActionMask = 2147483647;
			files = (
			);
			runOnlyForDeploymentPostprocessing = 0;
		};
/* End PBXSourcesBuildPhase section */

/* Begin PBXTargetDependency section */
		B2BA39642ECBF9F900C3B9E0 /* PBXTargetDependency */ = {
			isa = PBXTargetDependency;
			target = B2BA39542ECBF9F700C3B9E0 /* Tapp */;
			targetProxy = B2BA39632ECBF9F900C3B9E0 /* PBXContainerItemProxy */;
		};
		B2BA396E2ECBF9F900C3B9E0 /* PBXTargetDependency */ = {
			isa = PBXTargetDependency;
			target = B2BA39542ECBF9F700C3B9E0 /* Tapp */;
			targetProxy = B2BA396D2ECBF9F900C3B9E0 /* PBXContainerItemProxy */;
		};
/* End PBXTargetDependency section */

/* Begin XCBuildConfiguration section */
		B2BA39742ECBF9F900C3B9E0 /* Debug */ = {
			isa = XCBuildConfiguration;
			buildSettings = {
				ALWAYS_SEARCH_USER_PATHS = NO;
				ASSETCATALOG_COMPILER_GENERATE_SWIFT_ASSET_SYMBOL_EXTENSIONS = YES;
				CLANG_ANALYZER_NONNULL = YES;
				CLANG_ANALYZER_NUMBER_OBJECT_CONVERSION = YES_AGGRESSIVE;
				CLANG_CXX_LANGUAGE_STANDARD = "gnu++20";
				CLANG_ENABLE_MODULES = YES;
				CLANG_ENABLE_OBJC_ARC = YES;
				CLANG_ENABLE_OBJC_WEAK = YES;
				CLANG_WARN_BLOCK_CAPTURE_AUTORELEASING = YES;
				CLANG_WARN_BOOL_CONVERSION = YES;
				CLANG_WARN_COMMA = YES;
				CLANG_WARN_CONSTANT_CONVERSION = YES;
				CLANG_WARN_DEPRECATED_OBJC_IMPLEMENTATIONS = YES;
				CLANG_WARN_DIRECT_OBJC_ISA_USAGE = YES_ERROR;
				CLANG_WARN_DOCUMENTATION_COMMENTS = YES;
				CLANG_WARN_EMPTY_BODY = YES;
				CLANG_WARN_ENUM_CONVERSION = YES;
				CLANG_WARN_INFINITE_RECURSION = YES;
				CLANG_WARN_INT_CONVERSION = YES;
				CLANG_WARN_NON_LITERAL_NULL_CONVERSION = YES;
				CLANG_WARN_OBJC_IMPLICIT_RETAIN_SELF = YES;
				CLANG_WARN_OBJC_LITERAL_CONVERSION = YES;
				CLANG_WARN_OBJC_ROOT_CLASS = YES_ERROR;
				CLANG_WARN_QUOTED_INCLUDE_IN_FRAMEWORK_HEADER = YES;
				CLANG_WARN_RANGE_LOOP_ANALYSIS = YES;
				CLANG_WARN_STRICT_PROTOTYPES = YES;
				CLANG_WARN_SUSPICIOUS_MOVE = YES;
				CLANG_WARN_UNGUARDED_AVAILABILITY = YES_AGGRESSIVE;
				CLANG_WARN_UNREACHABLE_CODE = YES;
				CLANG_WARN__DUPLICATE_METHOD_MATCH = YES;
				COPY_PHASE_STRIP = NO;
				DEBUG_INFORMATION_FORMAT = dwarf;
				DEVELOPMENT_TEAM = HSQJ946X8B;
				ENABLE_STRICT_OBJC_MSGSEND = YES;
				ENABLE_TESTABILITY = YES;
				ENABLE_USER_SCRIPT_SANDBOXING = YES;
				GCC_C_LANGUAGE_STANDARD = gnu17;
				GCC_DYNAMIC_NO_PIC = NO;
				GCC_NO_COMMON_BLOCKS = YES;
				GCC_OPTIMIZATION_LEVEL = 0;
				GCC_PREPROCESSOR_DEFINITIONS = (
					"DEBUG=1",
					"$(inherited)",
				);
				GCC_WARN_64_TO_32_BIT_CONVERSION = YES;
				GCC_WARN_ABOUT_RETURN_TYPE = YES_ERROR;
				GCC_WARN_UNDECLARED_SELECTOR = YES;
				GCC_WARN_UNINITIALIZED_AUTOS = YES_AGGRESSIVE;
				GCC_WARN_UNUSED_FUNCTION = YES;
				GCC_WARN_UNUSED_VARIABLE = YES;
				IPHONEOS_DEPLOYMENT_TARGET = 26.1;
				LOCALIZATION_PREFERS_STRING_CATALOGS = YES;
				MTL_ENABLE_DEBUG_INFO = INCLUDE_SOURCE;
				MTL_FAST_MATH = YES;
				ONLY_ACTIVE_ARCH = YES;
				SDKROOT = iphoneos;
				SWIFT_ACTIVE_COMPILATION_CONDITIONS = "DEBUG $(inherited)";
				SWIFT_OPTIMIZATION_LEVEL = "-Onone";
			};
			name = Debug;
		};
		B2BA39752ECBF9F900C3B9E0 /* Release */ = {
			isa = XCBuildConfiguration;
			buildSettings = {
				ALWAYS_SEARCH_USER_PATHS = NO;
				ASSETCATALOG_COMPILER_GENERATE_SWIFT_ASSET_SYMBOL_EXTENSIONS = YES;
				CLANG_ANALYZER_NONNULL = YES;
				CLANG_ANALYZER_NUMBER_OBJECT_CONVERSION = YES_AGGRESSIVE;
				CLANG_CXX_LANGUAGE_STANDARD = "gnu++20";
				CLANG_ENABLE_MODULES = YES;
				CLANG_ENABLE_OBJC_ARC = YES;
				CLANG_ENABLE_OBJC_WEAK = YES;
				CLANG_WARN_BLOCK_CAPTURE_AUTORELEASING = YES;
				CLANG_WARN_BOOL_CONVERSION = YES;
				CLANG_WARN_COMMA = YES;
				CLANG_WARN_CONSTANT_CONVERSION = YES;
				CLANG_WARN_DEPRECATED_OBJC_IMPLEMENTATIONS = YES;
				CLANG_WARN_DIRECT_OBJC_ISA_USAGE = YES_ERROR;
				CLANG_WARN_DOCUMENTATION_COMMENTS = YES;
				CLANG_WARN_EMPTY_BODY = YES;
				CLANG_WARN_ENUM_CONVERSION = YES;
				CLANG_WARN_INFINITE_RECURSION = YES;
				CLANG_WARN_INT_CONVERSION = YES;
				CLANG_WARN_NON_LITERAL_NULL_CONVERSION = YES;
				CLANG_WARN_OBJC_IMPLICIT_RETAIN_SELF = YES;
				CLANG_WARN_OBJC_LITERAL_CONVERSION = YES;
				CLANG_WARN_OBJC_ROOT_CLASS = YES_ERROR;
				CLANG_WARN_QUOTED_INCLUDE_IN_FRAMEWORK_HEADER = YES;
				CLANG_WARN_RANGE_LOOP_ANALYSIS = YES;
				CLANG_WARN_STRICT_PROTOTYPES = YES;
				CLANG_WARN_SUSPICIOUS_MOVE = YES;
				CLANG_WARN_UNGUARDED_AVAILABILITY = YES_AGGRESSIVE;
				CLANG_WARN_UNREACHABLE_CODE = YES;
				CLANG_WARN__DUPLICATE_METHOD_MATCH = YES;
				COPY_PHASE_STRIP = NO;
				DEBUG_INFORMATION_FORMAT = "dwarf-with-dsym";
				DEVELOPMENT_TEAM = HSQJ946X8B;
				ENABLE_NS_ASSERTIONS = NO;
				ENABLE_STRICT_OBJC_MSGSEND = YES;
				ENABLE_USER_SCRIPT_SANDBOXING = YES;
				GCC_C_LANGUAGE_STANDARD = gnu17;
				GCC_NO_COMMON_BLOCKS = YES;
				GCC_WARN_64_TO_32_BIT_CONVERSION = YES;
				GCC_WARN_ABOUT_RETURN_TYPE = YES_ERROR;
				GCC_WARN_UNDECLARED_SELECTOR = YES;
				GCC_WARN_UNINITIALIZED_AUTOS = YES_AGGRESSIVE;
				GCC_WARN_UNUSED_FUNCTION = YES;
				GCC_WARN_UNUSED_VARIABLE = YES;
				IPHONEOS_DEPLOYMENT_TARGET = 26.1;
				LOCALIZATION_PREFERS_STRING_CATALOGS = YES;
				MTL_ENABLE_DEBUG_INFO = NO;
				MTL_FAST_MATH = YES;
				SDKROOT = iphoneos;
				SWIFT_COMPILATION_MODE = wholemodule;
				VALIDATE_PRODUCT = YES;
			};
			name = Release;
		};
		B2BA39772ECBF9F900C3B9E0 /* Debug */ = {
			isa = XCBuildConfiguration;
			buildSettings = {
				ASSETCATALOG_COMPILER_APPICON_NAME = AppIcon;
				ASSETCATALOG_COMPILER_GLOBAL_ACCENT_COLOR_NAME = AccentColor;
				CODE_SIGN_STYLE = Automatic;
				CURRENT_PROJECT_VERSION = 1;
				DEVELOPMENT_TEAM = HSQJ946X8B;
				ENABLE_PREVIEWS = YES;
				GENERATE_INFOPLIST_FILE = YES;
				INFOPLIST_KEY_UIApplicationSceneManifest_Generation = YES;
				INFOPLIST_KEY_UIApplicationSupportsIndirectInputEvents = YES;
				INFOPLIST_KEY_UILaunchScreen_Generation = YES;
				INFOPLIST_KEY_UISupportedInterfaceOrientations_iPad = "UIInterfaceOrientationPortrait UIInterfaceOrientationPortraitUpsideDown UIInterfaceOrientationLandscapeLeft UIInterfaceOrientationLandscapeRight";
				INFOPLIST_KEY_UISupportedInterfaceOrientations_iPhone = "UIInterfaceOrientationPortrait UIInterfaceOrientationLandscapeLeft UIInterfaceOrientationLandscapeRight";
				LD_RUNPATH_SEARCH_PATHS = (
					"$(inherited)",
					"@executable_path/Frameworks",
				);
				MARKETING_VERSION = 1.0;
				PRODUCT_BUNDLE_IDENTIFIER = com.iambenross.tapp;
				PRODUCT_NAME = "$(TARGET_NAME)";
				STRING_CATALOG_GENERATE_SYMBOLS = YES;
				SWIFT_APPROACHABLE_CONCURRENCY = YES;
				SWIFT_DEFAULT_ACTOR_ISOLATION = MainActor;
				SWIFT_EMIT_LOC_STRINGS = YES;
				SWIFT_UPCOMING_FEATURE_MEMBER_IMPORT_VISIBILITY = YES;
				SWIFT_VERSION = 5.0;
				TARGETED_DEVICE_FAMILY = "1,2";
			};
			name = Debug;
		};
		B2BA39782ECBF9F900C3B9E0 /* Release */ = {
			isa = XCBuildConfiguration;
			buildSettings = {
				ASSETCATALOG_COMPILER_APPICON_NAME = AppIcon;
				ASSETCATALOG_COMPILER_GLOBAL_ACCENT_COLOR_NAME = AccentColor;
				CODE_SIGN_STYLE = Automatic;
				CURRENT_PROJECT_VERSION = 1;
				DEVELOPMENT_TEAM = HSQJ946X8B;
				ENABLE_PREVIEWS = YES;
				GENERATE_INFOPLIST_FILE = YES;
				INFOPLIST_KEY_UIApplicationSceneManifest_Generation = YES;
				INFOPLIST_KEY_UIApplicationSupportsIndirectInputEvents = YES;
				INFOPLIST_KEY_UILaunchScreen_Generation = YES;
				INFOPLIST_KEY_UISupportedInterfaceOrientations_iPad = "UIInterfaceOrientationPortrait UIInterfaceOrientationPortraitUpsideDown UIInterfaceOrientationLandscapeLeft UIInterfaceOrientationLandscapeRight";
				INFOPLIST_KEY_UISupportedInterfaceOrientations_iPhone = "UIInterfaceOrientationPortrait UIInterfaceOrientationLandscapeLeft UIInterfaceOrientationLandscapeRight";
				LD_RUNPATH_SEARCH_PATHS = (
					"$(inherited)",
					"@executable_path/Frameworks",
				);
				MARKETING_VERSION = 1.0;
				PRODUCT_BUNDLE_IDENTIFIER = com.iambenross.tapp;
				PRODUCT_NAME = "$(TARGET_NAME)";
				STRING_CATALOG_GENERATE_SYMBOLS = YES;
				SWIFT_APPROACHABLE_CONCURRENCY = YES;
				SWIFT_DEFAULT_ACTOR_ISOLATION = MainActor;
				SWIFT_EMIT_LOC_STRINGS = YES;
				SWIFT_UPCOMING_FEATURE_MEMBER_IMPORT_VISIBILITY = YES;
				SWIFT_VERSION = 5.0;
				TARGETED_DEVICE_FAMILY = "1,2";
			};
			name = Release;
		};
		B2BA397A2ECBF9F900C3B9E0 /* Debug */ = {
			isa = XCBuildConfiguration;
			buildSettings = {
				BUNDLE_LOADER = "$(TEST_HOST)";
				CODE_SIGN_STYLE = Automatic;
				CURRENT_PROJECT_VERSION = 1;
				DEVELOPMENT_TEAM = HSQJ946X8B;
				GENERATE_INFOPLIST_FILE = YES;
				IPHONEOS_DEPLOYMENT_TARGET = 26.1;
				MARKETING_VERSION = 1.0;
				PRODUCT_BUNDLE_IDENTIFIER = com.iambenross.tappTests;
				PRODUCT_NAME = "$(TARGET_NAME)";
				STRING_CATALOG_GENERATE_SYMBOLS = NO;
				SWIFT_APPROACHABLE_CONCURRENCY = YES;
				SWIFT_EMIT_LOC_STRINGS = NO;
				SWIFT_UPCOMING_FEATURE_MEMBER_IMPORT_VISIBILITY = YES;
				SWIFT_VERSION = 5.0;
				TARGETED_DEVICE_FAMILY = "1,2";
				TEST_HOST = "$(BUILT_PRODUCTS_DIR)/Tapp.app/$(BUNDLE_EXECUTABLE_FOLDER_PATH)/Tapp";
			};
			name = Debug;
		};
		B2BA397B2ECBF9F900C3B9E0 /* Release */ = {
			isa = XCBuildConfiguration;
			buildSettings = {
				BUNDLE_LOADER = "$(TEST_HOST)";
				CODE_SIGN_STYLE = Automatic;
				CURRENT_PROJECT_VERSION = 1;
				DEVELOPMENT_TEAM = HSQJ946X8B;
				GENERATE_INFOPLIST_FILE = YES;
				IPHONEOS_DEPLOYMENT_TARGET = 26.1;
				MARKETING_VERSION = 1.0;
				PRODUCT_BUNDLE_IDENTIFIER = com.iambenross.tappTests;
				PRODUCT_NAME = "$(TARGET_NAME)";
				STRING_CATALOG_GENERATE_SYMBOLS = NO;
				SWIFT_APPROACHABLE_CONCURRENCY = YES;
				SWIFT_EMIT_LOC_STRINGS = NO;
				SWIFT_UPCOMING_FEATURE_MEMBER_IMPORT_VISIBILITY = YES;
				SWIFT_VERSION = 5.0;
				TARGETED_DEVICE_FAMILY = "1,2";
				TEST_HOST = "$(BUILT_PRODUCTS_DIR)/Tapp.app/$(BUNDLE_EXECUTABLE_FOLDER_PATH)/Tapp";
			};
			name = Release;
		};
		B2BA397D2ECBF9F900C3B9E0 /* Debug */ = {
			isa = XCBuildConfiguration;
			buildSettings = {
				CODE_SIGN_STYLE = Automatic;
				CURRENT_PROJECT_VERSION = 1;
				DEVELOPMENT_TEAM = HSQJ946X8B;
				GENERATE_INFOPLIST_FILE = YES;
				MARKETING_VERSION = 1.0;
				PRODUCT_BUNDLE_IDENTIFIER = com.iambenross.tappUITests;
				PRODUCT_NAME = "$(TARGET_NAME)";
				STRING_CATALOG_GENERATE_SYMBOLS = NO;
				SWIFT_APPROACHABLE_CONCURRENCY = YES;
				SWIFT_EMIT_LOC_STRINGS = NO;
				SWIFT_UPCOMING_FEATURE_MEMBER_IMPORT_VISIBILITY = YES;
				SWIFT_VERSION = 5.0;
				TARGETED_DEVICE_FAMILY = "1,2";
				TEST_TARGET_NAME = Tapp;
			};
			name = Debug;
		};
		B2BA397E2ECBF9F900C3B9E0 /* Release */ = {
			isa = XCBuildConfiguration;
			buildSettings = {
				CODE_SIGN_STYLE = Automatic;
				CURRENT_PROJECT_VERSION = 1;
				DEVELOPMENT_TEAM = HSQJ946X8B;
				GENERATE_INFOPLIST_FILE = YES;
				MARKETING_VERSION = 1.0;
				PRODUCT_BUNDLE_IDENTIFIER = com.iambenross.tappUITests;
				PRODUCT_NAME = "$(TARGET_NAME)";
				STRING_CATALOG_GENERATE_SYMBOLS = NO;
				SWIFT_APPROACHABLE_CONCURRENCY = YES;
				SWIFT_EMIT_LOC_STRINGS = NO;
				SWIFT_UPCOMING_FEATURE_MEMBER_IMPORT_VISIBILITY = YES;
				SWIFT_VERSION = 5.0;
				TARGETED_DEVICE_FAMILY = "1,2";
				TEST_TARGET_NAME = Tapp;
			};
			name = Release;
		};
/* End XCBuildConfiguration section */

/* Begin XCConfigurationList section */
		B2BA39502ECBF9F700C3B9E0 /* Build configuration list for PBXProject "Tapp" */ = {
			isa = XCConfigurationList;
			buildConfigurations = (
				B2BA39742ECBF9F900C3B9E0 /* Debug */,
				B2BA39752ECBF9F900C3B9E0 /* Release */,
			);
			defaultConfigurationIsVisible = 0;
			defaultConfigurationName = Release;
		};
		B2BA39762ECBF9F900C3B9E0 /* Build configuration list for PBXNativeTarget "Tapp" */ = {
			isa = XCConfigurationList;
			buildConfigurations = (
				B2BA39772ECBF9F900C3B9E0 /* Debug */,
				B2BA39782ECBF9F900C3B9E0 /* Release */,
			);
			defaultConfigurationIsVisible = 0;
			defaultConfigurationName = Release;
		};
		B2BA39792ECBF9F900C3B9E0 /* Build configuration list for PBXNativeTarget "TappTests" */ = {
			isa = XCConfigurationList;
			buildConfigurations = (
				B2BA397A2ECBF9F900C3B9E0 /* Debug */,
				B2BA397B2ECBF9F900C3B9E0 /* Release */,
			);
			defaultConfigurationIsVisible = 0;
			defaultConfigurationName = Release;
		};
		B2BA397C2ECBF9F900C3B9E0 /* Build configuration list for PBXNativeTarget "TappUITests" */ = {
			isa = XCConfigurationList;
			buildConfigurations = (
				B2BA397D2ECBF9F900C3B9E0 /* Debug */,
				B2BA397E2ECBF9F900C3B9E0 /* Release */,
			);
			defaultConfigurationIsVisible = 0;
			defaultConfigurationName = Release;
		};
/* End XCConfigurationList section */

/* Begin XCRemoteSwiftPackageReference section */
		B286AE772FBB8AF90024F52C /* XCRemoteSwiftPackageReference "firebase-ios-sdk" */ = {
			isa = XCRemoteSwiftPackageReference;
			repositoryURL = "https://github.com/firebase/firebase-ios-sdk";
			requirement = {
				kind = upToNextMajorVersion;
				minimumVersion = 12.13.0;
			};
		};
/* End XCRemoteSwiftPackageReference section */

/* Begin XCSwiftPackageProductDependency section */
		B286AE9F2FBB903E0024F52C /* FirebaseAuth */ = {
			isa = XCSwiftPackageProductDependency;
			package = B286AE772FBB8AF90024F52C /* XCRemoteSwiftPackageReference "firebase-ios-sdk" */;
			productName = FirebaseAuth;
		};
		B286AEA12FBB90470024F52C /* FirebaseCore */ = {
			isa = XCSwiftPackageProductDependency;
			package = B286AE772FBB8AF90024F52C /* XCRemoteSwiftPackageReference "firebase-ios-sdk" */;
			productName = FirebaseCore;
		};
		B286AEA32FBB904F0024F52C /* FirebaseFirestore */ = {
			isa = XCSwiftPackageProductDependency;
			package = B286AE772FBB8AF90024F52C /* XCRemoteSwiftPackageReference "firebase-ios-sdk" */;
			productName = FirebaseFirestore;
		};
/* End XCSwiftPackageProductDependency section */
	};
	rootObject = B2BA394D2ECBF9F700C3B9E0 /* Project object */;
}
